// !$*UTF8*$!
{
	archiveVersion = 1;
	classes = {
	};
	objectVersion = 46;
	objects = {

/* Begin PBXBuildFile section */
		0B9682191CCDE3AF00C3E062 /* AppDelegate.swift in Sources */ = {isa = PBXBuildFile; fileRef = 0B9682181CCDE3AF00C3E062 /* AppDelegate.swift */; };
		0B96821B1CCDE3AF00C3E062 /* ViewController.swift in Sources */ = {isa = PBXBuildFile; fileRef = 0B96821A1CCDE3AF00C3E062 /* ViewController.swift */; };
		0B96821E1CCDE3AF00C3E062 /* Main.storyboard in Resources */ = {isa = PBXBuildFile; fileRef = 0B96821C1CCDE3AF00C3E062 /* Main.storyboard */; };
		0B9682201CCDE3B000C3E062 /* Assets.xcassets in Resources */ = {isa = PBXBuildFile; fileRef = 0B96821F1CCDE3B000C3E062 /* Assets.xcassets */; };
		0B9682231CCDE3B000C3E062 /* LaunchScreen.storyboard in Resources */ = {isa = PBXBuildFile; fileRef = 0B9682211CCDE3B000C3E062 /* LaunchScreen.storyboard */; };
		0B96822E1CCDE3B000C3E062 /* sampleHelloWorldTests.swift in Sources */ = {isa = PBXBuildFile; fileRef = 0B96822D1CCDE3B000C3E062 /* sampleHelloWorldTests.swift */; };
		0B9682391CCDE3B000C3E062 /* sampleHelloWorldUITests.swift in Sources */ = {isa = PBXBuildFile; fileRef = 0B9682381CCDE3B000C3E062 /* sampleHelloWorldUITests.swift */; };
/* End PBXBuildFile section */

/* Begin PBXContainerItemProxy section */
		0B96822A1CCDE3B000C3E062 /* PBXContainerItemProxy */ = {
			isa = PBXContainerItemProxy;
			containerPortal = 0B96820D1CCDE3AF00C3E062 /* Project object */;
			proxyType = 1;
			remoteGlobalIDString = 0B9682141CCDE3AF00C3E062;
			remoteInfo = sampleHelloWorld;
		};
		0B9682351CCDE3B000C3E062 /* PBXContainerItemProxy */ = {
			isa = PBXContainerItemProxy;
			containerPortal = 0B96820D1CCDE3AF00C3E062 /* Project object */;
			proxyType = 1;
			remoteGlobalIDString = 0B9682141CCDE3AF00C3E062;
			remoteInfo = sampleHelloWorld;
		};
/* End PBXContainerItemProxy section */

/* Begin PBXFileReference section */
		0B9682151CCDE3AF00C3E062 /* sampleHelloWorld.app */ = {isa = PBXFileReference; explicitFileType = wrapper.application; includeInIndex = 0; path = sampleHelloWorld.app; sourceTree = BUILT_PRODUCTS_DIR; };
		0B9682181CCDE3AF00C3E062 /* AppDelegate.swift */ = {isa = PBXFileReference; lastKnownFileType = sourcecode.swift; path = AppDelegate.swift; sourceTree = "<group>"; };
		0B96821A1CCDE3AF00C3E062 /* ViewController.swift */ = {isa = PBXFileReference; lastKnownFileType = sourcecode.swift; path = ViewController.swift; sourceTree = "<group>"; };
		0B96821D1CCDE3AF00C3E062 /* Base */ = {isa = PBXFileReference; lastKnownFileType = file.storyboard; name = Base; path = Base.lproj/Main.storyboard; sourceTree = "<group>"; };
		0B96821F1CCDE3B000C3E062 /* Assets.xcassets */ = {isa = PBXFileReference; lastKnownFileType = folder.assetcatalog; path = Assets.xcassets; sourceTree = "<group>"; };
		0B9682221CCDE3B000C3E062 /* Base */ = {isa = PBXFileReference; lastKnownFileType = file.storyboard; name = Base; path = Base.lproj/LaunchScreen.storyboard; sourceTree = "<group>"; };
		0B9682241CCDE3B000C3E062 /* Info.plist */ = {isa = PBXFileReference; lastKnownFileType = text.plist.xml; path = Info.plist; sourceTree = "<group>"; };
		0B9682291CCDE3B000C3E062 /* sampleHelloWorldTests.xctest */ = {isa = PBXFileReference; explicitFileType = wrapper.cfbundle; includeInIndex = 0; path = sampleHelloWorldTests.xctest; sourceTree = BUILT_PRODUCTS_DIR; };
		0B96822D1CCDE3B000C3E062 /* sampleHelloWorldTests.swift */ = {isa = PBXFileReference; lastKnownFileType = sourcecode.swift; path = sampleHelloWorldTests.swift; sourceTree = "<group>"; };
		0B96822F1CCDE3B000C3E062 /* Info.plist */ = {isa = PBXFileReference; lastKnownFileType = text.plist.xml; path = Info.plist; sourceTree = "<group>"; };
		0B9682341CCDE3B000C3E062 /* sampleHelloWorldUITests.xctest */ = {isa = PBXFileReference; explicitFileType = wrapper.cfbundle; includeInIndex = 0; path = sampleHelloWorldUITests.xctest; sourceTree = BUILT_PRODUCTS_DIR; };
		0B9682381CCDE3B000C3E062 /* sampleHelloWorldUITests.swift */ = {isa = PBXFileReference; lastKnownFileType = sourcecode.swift; path = sampleHelloWorldUITests.swift; sourceTree = "<group>"; };
		0B96823A1CCDE3B000C3E062 /* Info.plist */ = {isa = PBXFileReference; lastKnownFileType = text.plist.xml; path = Info.plist; sourceTree = "<group>"; };
/* End PBXFileReference section */

/* Begin PBXFrameworksBuildPhase section */
		0B9682121CCDE3AF00C3E062 /* Frameworks */ = {
			isa = PBXFrameworksBuildPhase;
			buildActionMask = 2147483647;
			files = (
			);
			runOnlyForDeploymentPostprocessing = 0;
		};
		0B9682261CCDE3B000C3E062 /* Frameworks */ = {
			isa = PBXFrameworksBuildPhase;
			buildActionMask = 2147483647;
			files = (
			);
			runOnlyForDeploymentPostprocessing = 0;
		};
		0B9682311CCDE3B000C3E062 /* Frameworks */ = {
			isa = PBXFrameworksBuildPhase;
			buildActionMask = 2147483647;
			files = (
			);
			runOnlyForDeploymentPostprocessing = 0;
		};
/* End PBXFrameworksBuildPhase section */

/* Begin PBXGroup section */
		0B96820C1CCDE3AF00C3E062 = {
			isa = PBXGroup;
			children = (
				0B9682171CCDE3AF00C3E062 /* sampleHelloWorld */,
				0B96822C1CCDE3B000C3E062 /* sampleHelloWorldTests */,
				0B9682371CCDE3B000C3E062 /* sampleHelloWorldUITests */,
				0B9682161CCDE3AF00C3E062 /* Products */,
			);
			sourceTree = "<group>";
		};
		0B9682161CCDE3AF00C3E062 /* Products */ = {
			isa = PBXGroup;
			children = (
				0B9682151CCDE3AF00C3E062 /* sampleHelloWorld.app */,
				0B9682291CCDE3B000C3E062 /* sampleHelloWorldTests.xctest */,
				0B9682341CCDE3B000C3E062 /* sampleHelloWorldUITests.xctest */,
			);
			name = Products;
			sourceTree = "<group>";
		};
		0B9682171CCDE3AF00C3E062 /* sampleHelloWorld */ = {
			isa = PBXGroup;
			children = (
				0B9682181CCDE3AF00C3E062 /* AppDelegate.swift */,
				0B96821A1CCDE3AF00C3E062 /* ViewController.swift */,
				0B96821C1CCDE3AF00C3E062 /* Main.storyboard */,
				0B96821F1CCDE3B000C3E062 /* Assets.xcassets */,
				0B9682211CCDE3B000C3E062 /* LaunchScreen.storyboard */,
				0B9682241CCDE3B000C3E062 /* Info.plist */,
			);
			path = sampleHelloWorld;
			sourceTree = "<group>";
		};
		0B96822C1CCDE3B000C3E062 /* sampleHelloWorldTests */ = {
			isa = PBXGroup;
			children = (
				0B96822D1CCDE3B000C3E062 /* sampleHelloWorldTests.swift */,
				0B96822F1CCDE3B000C3E062 /* Info.plist */,
			);
			path = sampleHelloWorldTests;
			sourceTree = "<group>";
		};
		0B9682371CCDE3B000C3E062 /* sampleHelloWorldUITests */ = {
			isa = PBXGroup;
			children = (
				0B9682381CCDE3B000C3E062 /* sampleHelloWorldUITests.swift */,
				0B96823A1CCDE3B000C3E062 /* Info.plist */,
			);
			path = sampleHelloWorldUITests;
			sourceTree = "<group>";
		};
/* End PBXGroup section */

/* Begin PBXNativeTarget section */
		0B9682141CCDE3AF00C3E062 /* sampleHelloWorld */ = {
			isa = PBXNativeTarget;
			buildConfigurationList = 0B96823D1CCDE3B000C3E062 /* Build configuration list for PBXNativeTarget "sampleHelloWorld" */;
			buildPhases = (
				0B9682111CCDE3AF00C3E062 /* Sources */,
				0B9682121CCDE3AF00C3E062 /* Frameworks */,
				0B9682131CCDE3AF00C3E062 /* Resources */,
			);
			buildRules = (
			);
			dependencies = (
			);
			name = sampleHelloWorld;
			productName = sampleHelloWorld;
			productReference = 0B9682151CCDE3AF00C3E062 /* sampleHelloWorld.app */;
			productType = "com.apple.product-type.application";
		};
		0B9682281CCDE3B000C3E062 /* sampleHelloWorldTests */ = {
			isa = PBXNativeTarget;
			buildConfigurationList = 0B9682401CCDE3B000C3E062 /* Build configuration list for PBXNativeTarget "sampleHelloWorldTests" */;
			buildPhases = (
				0B9682251CCDE3B000C3E062 /* Sources */,
				0B9682261CCDE3B000C3E062 /* Frameworks */,
				0B9682271CCDE3B000C3E062 /* Resources */,
			);
			buildRules = (
			);
			dependencies = (
				0B96822B1CCDE3B000C3E062 /* PBXTargetDependency */,
			);
			name = sampleHelloWorldTests;
			productName = sampleHelloWorldTests;
			productReference = 0B9682291CCDE3B000C3E062 /* sampleHelloWorldTests.xctest */;
			productType = "com.apple.product-type.bundle.unit-test";
		};
		0B9682331CCDE3B000C3E062 /* sampleHelloWorldUITests */ = {
			isa = PBXNativeTarget;
			buildConfigurationList = 0B9682431CCDE3B000C3E062 /* Build configuration list for PBXNativeTarget "sampleHelloWorldUITests" */;
			buildPhases = (
				0B9682301CCDE3B000C3E062 /* Sources */,
				0B9682311CCDE3B000C3E062 /* Frameworks */,
				0B9682321CCDE3B000C3E062 /* Resources */,
			);
			buildRules = (
			);
			dependencies = (
				0B9682361CCDE3B000C3E062 /* PBXTargetDependency */,
			);
			name = sampleHelloWorldUITests;
			productName = sampleHelloWorldUITests;
			productReference = 0B9682341CCDE3B000C3E062 /* sampleHelloWorldUITests.xctest */;
			productType = "com.apple.product-type.bundle.ui-testing";
		};
/* End PBXNativeTarget section */

/* Begin PBXProject section */
		0B96820D1CCDE3AF00C3E062 /* Project object */ = {
			isa = PBXProject;
			attributes = {
				LastSwiftUpdateCheck = 0720;
				LastUpgradeCheck = 0720;
				ORGANIZATIONNAME = "RIho OKubo";
				TargetAttributes = {
					0B9682141CCDE3AF00C3E062 = {
						CreatedOnToolsVersion = 7.2.1;
					};
					0B9682281CCDE3B000C3E062 = {
						CreatedOnToolsVersion = 7.2.1;
						TestTargetID = 0B9682141CCDE3AF00C3E062;
					};
					0B9682331CCDE3B000C3E062 = {
						CreatedOnToolsVersion = 7.2.1;
						TestTargetID = 0B9682141CCDE3AF00C3E062;
					};
				};
			};
			buildConfigurationList = 0B9682101CCDE3AF00C3E062 /* Build configuration list for PBXProject "sampleHelloWorld" */;
			compatibilityVersion = "Xcode 3.2";
			developmentRegion = English;
			hasScannedForEncodings = 0;
			knownRegions = (
				en,
				Base,
			);
			mainGroup = 0B96820C1CCDE3AF00C3E062;
			productRefGroup = 0B9682161CCDE3AF00C3E062 /* Products */;
			projectDirPath = "";
			projectRoot = "";
			targets = (
				0B9682141CCDE3AF00C3E062 /* sampleHelloWorld */,
				0B9682281CCDE3B000C3E062 /* sampleHelloWorldTests */,
				0B9682331CCDE3B000C3E062 /* sampleHelloWorldUITests */,
			);
		};
/* End PBXProject section */

/* Begin PBXResourcesBuildPhase section */
		0B9682131CCDE3AF00C3E062 /* Resources */ = {
			isa = PBXResourcesBuildPhase;
			buildActionMask = 2147483647;
			files = (
				0B9682231CCDE3B000C3E062 /* LaunchScreen.storyboard in Resources */,
				0B9682201CCDE3B000C3E062 /* Assets.xcassets in Resources */,
				0B96821E1CCDE3AF00C3E062 /* Main.storyboard in Resources */,
			);
			runOnlyForDeploymentPostprocessing = 0;
		};
		0B9682271CCDE3B000C3E062 /* Resources */ = {
			isa = PBXResourcesBuildPhase;
			buildActionMask = 2147483647;
			files = (
			);
			runOnlyForDeploymentPostprocessing = 0;
		};
		0B9682321CCDE3B000C3E062 /* Resources */ = {
			isa = PBXResourcesBuildPhase;
			buildActionMask = 2147483647;
			files = (
			);
			runOnlyForDeploymentPostprocessing = 0;
		};
/* End PBXResourcesBuildPhase section */

/* Begin PBXSourcesBuildPhase section */
		0B9682111CCDE3AF00C3E062 /* Sources */ = {
			isa = PBXSourcesBuildPhase;
			buildActionMask = 2147483647;
			files = (
				0B96821B1CCDE3AF00C3E062 /* ViewController.swift in Sources */,
				0B9682191CCDE3AF00C3E062 /* AppDelegate.swift in Sources */,
			);
			runOnlyForDeploymentPostprocessing = 0;
		};
		0B9682251CCDE3B000C3E062 /* Sources */ = {
			isa = PBXSourcesBuildPhase;
			buildActionMask = 2147483647;
			files = (
				0B96822E1CCDE3B000C3E062 /* sampleHelloWorldTests.swift in Sources */,
			);
			runOnlyForDeploymentPostprocessing = 0;
		};
		0B9682301CCDE3B000C3E062 /* Sources */ = {
			isa = PBXSourcesBuildPhase;
			buildActionMask = 2147483647;
			files = (
				0B9682391CCDE3B000C3E062 /* sampleHelloWorldUITests.swift in Sources */,
			);
			runOnlyForDeploymentPostprocessing = 0;
		};
/* End PBXSourcesBuildPhase section */

/* Begin PBXTargetDependency section */
		0B96822B1CCDE3B000C3E062 /* PBXTargetDependency */ = {
			isa = PBXTargetDependency;
			target = 0B9682141CCDE3AF00C3E062 /* sampleHelloWorld */;
			targetProxy = 0B96822A1CCDE3B000C3E062 /* PBXContainerItemProxy */;
		};
		0B9682361CCDE3B000C3E062 /* PBXTargetDependency */ = {
			isa = PBXTargetDependency;
			target = 0B9682141CCDE3AF00C3E062 /* sampleHelloWorld */;
			targetProxy = 0B9682351CCDE3B000C3E062 /* PBXContainerItemProxy */;
		};
/* End PBXTargetDependency section */

/* Begin PBXVariantGroup section */
		0B96821C1CCDE3AF00C3E062 /* Main.storyboard */ = {
			isa = PBXVariantGroup;
			children = (
				0B96821D1CCDE3AF00C3E062 /* Base */,
			);
			name = Main.storyboard;
			sourceTree = "<group>";
		};
		0B9682211CCDE3B000C3E062 /* LaunchScreen.storyboard */ = {
			isa = PBXVariantGroup;
			children = (
				0B9682221CCDE3B000C3E062 /* Base */,
			);
			name = LaunchScreen.storyboard;
			sourceTree = "<group>";
		};
/* End PBXVariantGroup section */

/* Begin XCBuildConfiguration section */
		0B96823B1CCDE3B000C3E062 /* Debug */ = {
			isa = XCBuildConfiguration;
			buildSettings = {
				ALWAYS_SEARCH_USER_PATHS = NO;
				CLANG_CXX_LANGUAGE_STANDARD = "gnu++0x";
				CLANG_CXX_LIBRARY = "libc++";
				CLANG_ENABLE_MODULES = YES;
				CLANG_ENABLE_OBJC_ARC = YES;
				CLANG_WARN_BOOL_CONVERSION = YES;
				CLANG_WARN_CONSTANT_CONVERSION = YES;
				CLANG_WARN_DIRECT_OBJC_ISA_USAGE = YES_ERROR;
				CLANG_WARN_EMPTY_BODY = YES;
				CLANG_WARN_ENUM_CONVERSION = YES;
				CLANG_WARN_INT_CONVERSION = YES;
				CLANG_WARN_OBJC_ROOT_CLASS = YES_ERROR;
				CLANG_WARN_UNREACHABLE_CODE = YES;
				CLANG_WARN__DUPLICATE_METHOD_MATCH = YES;
				"CODE_SIGN_IDENTITY[sdk=iphoneos*]" = "iPhone Developer";
				COPY_PHASE_STRIP = NO;
				DEBUG_INFORMATION_FORMAT = dwarf;
				ENABLE_STRICT_OBJC_MSGSEND = YES;
				ENABLE_TESTABILITY = YES;
				GCC_C_LANGUAGE_STANDARD = gnu99;
				GCC_DYNAMIC_NO_PIC = NO;
				GCC_NO_COMMON_BLOCKS = YES;
				GCC_OPTIMIZATION_LEVEL = 0;
				GCC_PREPROCESSOR_DEFINITIONS = (
					"DEBUG=1",
					"$(inherited)",
				);
				GCC_WARN_64_TO_32_BIT_CONVERSION = YES;
				GCC_WARN_ABOUT_RETURN_TYPE = YES_ERROR;
				GCC_WARN_UNDECLARED_SELECTOR = YES;
				GCC_WARN_UNINITIALIZED_AUTOS = YES_AGGRESSIVE;
				GCC_WARN_UNUSED_FUNCTION = YES;
				GCC_WARN_UNUSED_VARIABLE = YES;
				IPHONEOS_DEPLOYMENT_TARGET = 9.2;
				MTL_ENABLE_DEBUG_INFO = YES;
				ONLY_ACTIVE_ARCH = YES;
				SDKROOT = iphoneos;
				SWIFT_OPTIMIZATION_LEVEL = "-Onone";
				TARGETED_DEVICE_FAMILY = "1,2";
			};
			name = Debug;
		};
		0B96823C1CCDE3B000C3E062 /* Release */ = {
			isa = XCBuildConfiguration;
			buildSettings = {
				ALWAYS_SEARCH_USER_PATHS = NO;
				CLANG_CXX_LANGUAGE_STANDARD = "gnu++0x";
				CLANG_CXX_LIBRARY = "libc++";
				CLANG_ENABLE_MODULES = YES;
				CLANG_ENABLE_OBJC_ARC = YES;
				CLANG_WARN_BOOL_CONVERSION = YES;
				CLANG_WARN_CONSTANT_CONVERSION = YES;
				CLANG_WARN_DIRECT_OBJC_ISA_USAGE = YES_ERROR;
				CLANG_WARN_EMPTY_BODY = YES;
				CLANG_WARN_ENUM_CONVERSION = YES;
				CLANG_WARN_INT_CONVERSION = YES;
				CLANG_WARN_OBJC_ROOT_CLASS = YES_ERROR;
				CLANG_WARN_UNREACHABLE_CODE = YES;
				CLANG_WARN__DUPLICATE_METHOD_MATCH = YES;
				"CODE_SIGN_IDENTITY[sdk=iphoneos*]" = "iPhone Developer";
				COPY_PHASE_STRIP = NO;
				DEBUG_INFORMATION_FORMAT = "dwarf-with-dsym";
				ENABLE_NS_ASSERTIONS = NO;
				ENABLE_STRICT_OBJC_MSGSEND = YES;
				GCC_C_LANGUAGE_STANDARD = gnu99;
				GCC_NO_COMMON_BLOCKS = YES;
				GCC_WARN_64_TO_32_BIT_CONVERSION = YES;
				GCC_WARN_ABOUT_RETURN_TYPE = YES_ERROR;
				GCC_WARN_UNDECLARED_SELECTOR = YES;
				GCC_WARN_UNINITIALIZED_AUTOS = YES_AGGRESSIVE;
				GCC_WARN_UNUSED_FUNCTION = YES;
				GCC_WARN_UNUSED_VARIABLE = YES;
				IPHONEOS_DEPLOYMENT_TARGET = 9.2;
				MTL_ENABLE_DEBUG_INFO = NO;
				SDKROOT = iphoneos;
				TARGETED_DEVICE_FAMILY = "1,2";
				VALIDATE_PRODUCT = YES;
			};
			name = Release;
		};
		0B96823E1CCDE3B000C3E062 /* Debug */ = {
			isa = XCBuildConfiguration;
			buildSettings = {
				ASSETCATALOG_COMPILER_APPICON_NAME = AppIcon;
				INFOPLIST_FILE = sampleHelloWorld/Info.plist;
				LD_RUNPATH_SEARCH_PATHS = "$(inherited) @executable_path/Frameworks";
				PRODUCT_BUNDLE_IDENTIFIER = com.rihookubo.sampleHelloWorld;
				PRODUCT_NAME = "$(TARGET_NAME)";
			};
			name = Debug;
		};
		0B96823F1CCDE3B000C3E062 /* Release */ = {
			isa = XCBuildConfiguration;
			buildSettings = {
				ASSETCATALOG_COMPILER_APPICON_NAME = AppIcon;
				INFOPLIST_FILE = sampleHelloWorld/Info.plist;
				LD_RUNPATH_SEARCH_PATHS = "$(inherited) @executable_path/Frameworks";
				PRODUCT_BUNDLE_IDENTIFIER = com.rihookubo.sampleHelloWorld;
				PRODUCT_NAME = "$(TARGET_NAME)";
			};
			name = Release;
		};
		0B9682411CCDE3B000C3E062 /* Debug */ = {
			isa = XCBuildConfiguration;
			buildSettings = {
				BUNDLE_LOADER = "$(TEST_HOST)";
				INFOPLIST_FILE = sampleHelloWorldTests/Info.plist;
				LD_RUNPATH_SEARCH_PATHS = "$(inherited) @executable_path/Frameworks @loader_path/Frameworks";
				PRODUCT_BUNDLE_IDENTIFIER = com.rihookubo.sampleHelloWorldTests;
				PRODUCT_NAME = "$(TARGET_NAME)";
				TEST_HOST = "$(BUILT_PRODUCTS_DIR)/sampleHelloWorld.app/sampleHelloWorld";
			};
			name = Debug;
		};
		0B9682421CCDE3B000C3E062 /* Release */ = {
			isa = XCBuildConfiguration;
			buildSettings = {
				BUNDLE_LOADER = "$(TEST_HOST)";
				INFOPLIST_FILE = sampleHelloWorldTests/Info.plist;
				LD_RUNPATH_SEARCH_PATHS = "$(inherited) @executable_path/Frameworks @loader_path/Frameworks";
				PRODUCT_BUNDLE_IDENTIFIER = com.rihookubo.sampleHelloWorldTests;
				PRODUCT_NAME = "$(TARGET_NAME)";
				TEST_HOST = "$(BUILT_PRODUCTS_DIR)/sampleHelloWorld.app/sampleHelloWorld";
			};
			name = Release;
		};
		0B9682441CCDE3B000C3E062 /* Debug */ = {
			isa = XCBuildConfiguration;
			buildSettings = {
				INFOPLIST_FILE = sampleHelloWorldUITests/Info.plist;
				LD_RUNPATH_SEARCH_PATHS = "$(inherited) @executable_path/Frameworks @loader_path/Frameworks";
				PRODUCT_BUNDLE_IDENTIFIER = com.rihookubo.sampleHelloWorldUITests;
				PRODUCT_NAME = "$(TARGET_NAME)";
				TEST_TARGET_NAME = sampleHelloWorld;
				USES_XCTRUNNER = YES;
			};
			name = Debug;
		};
		0B9682451CCDE3B000C3E062 /* Release */ = {
			isa = XCBuildConfiguration;
			buildSettings = {
				INFOPLIST_FILE = sampleHelloWorldUITests/Info.plist;
				LD_RUNPATH_SEARCH_PATHS = "$(inherited) @executable_path/Frameworks @loader_path/Frameworks";
				PRODUCT_BUNDLE_IDENTIFIER = com.rihookubo.sampleHelloWorldUITests;
				PRODUCT_NAME = "$(TARGET_NAME)";
				TEST_TARGET_NAME = sampleHelloWorld;
				USES_XCTRUNNER = YES;
			};
			name = Release;
		};
/* End XCBuildConfiguration section */

/* Begin XCConfigurationList section */
		0B9682101CCDE3AF00C3E062 /* Build configuration list for PBXProject "sampleHelloWorld" */ = {
			isa = XCConfigurationList;
			buildConfigurations = (
				0B96823B1CCDE3B000C3E062 /* Debug */,
				0B96823C1CCDE3B000C3E062 /* Release */,
			);
			defaultConfigurationIsVisible = 0;
			defaultConfigurationName = Release;
		};
		0B96823D1CCDE3B000C3E062 /* Build configuration list for PBXNativeTarget "sampleHelloWorld" */ = {
			isa = XCConfigurationList;
			buildConfigurations = (
				0B96823E1CCDE3B000C3E062 /* Debug */,
				0B96823F1CCDE3B000C3E062 /* Release */,
			);
			defaultConfigurationIsVisible = 0;
		};
		0B9682401CCDE3B000C3E062 /* Build configuration list for PBXNativeTarget "sampleHelloWorldTests" */ = {
			isa = XCConfigurationList;
			buildConfigurations = (
				0B9682411CCDE3B000C3E062 /* Debug */,
				0B9682421CCDE3B000C3E062 /* Release */,
			);
			defaultConfigurationIsVisible = 0;
		};
		0B9682431CCDE3B000C3E062 /* Build configuration list for PBXNativeTarget "sampleHelloWorldUITests" */ = {
			isa = XCConfigurationList;
			buildConfigurations = (
				0B9682441CCDE3B000C3E062 /* Debug */,
				0B9682451CCDE3B000C3E062 /* Release */,
			);
			defaultConfigurationIsVisible = 0;
		};
/* End XCConfigurationList section */
	};
	rootObject = 0B96820D1CCDE3AF00C3E062 /* Project object */;
}
